
Microsoft Visual Studio Solution File, Format Version 12.00
# Visual Studio Version 17
VisualStudioVersion = 17.0.31903.59
MinimumVisualStudioVersion = 10.0.40219.1
Project("{888888A0-9F3D-457C-B088-3A5042F75D52}") = "CryoMe", "CryoMe.pyproj", "{34AF5627-8807-49AE-B1DA-6DBF18BD4A52}"
EndProject
Global
	GlobalSection(SolutionConfigurationPlatforms) = preSolution
		Debug|Any CPU = Debug|Any CPU
		Release|Any CPU = Release|Any CPU
	EndGlobalSection
	GlobalSection(ProjectConfigurationPlatforms) = postSolution
		{34AF5627-8807-49AE-B1DA-6DBF18BD4A52}.Debug|Any CPU.ActiveCfg = Debug|Any CPU
		{34AF5627-8807-49AE-B1DA-6DBF18BD4A52}.Release|Any CPU.ActiveCfg = Release|Any CPU
	EndGlobalSection
	GlobalSection(SolutionProperties) = preSolution
		HideSolutionNode = FALSE
	EndGlobalSection
	GlobalSection(ExtensibilityGlobals) = postSolution
		SolutionGuid = {056A0DAC-2C70-4D68-8AB0-7D896FCEE0CF}
	EndGlobalSection
EndGlobal
